
Microsoft Visual Studio Solution File, Format Version 12.00
# Visual Studio Version 16
VisualStudioVersion = 16.0.30128.74
MinimumVisualStudioVersion = 10.0.40219.1
Project("{FAE04EC0-301F-11D3-BF4B-00C04F79EFBC}") = "Transports", "Transports\Transports.csproj", "{4A97174E-82F0-4966-8BCD-4D3C64D65C57}"
EndProject
Project("{FAE04EC0-301F-11D3-BF4B-00C04F79EFBC}") = "RabbitMqConsoleListener", "RabbitMqConsoleListener\RabbitMqConsoleListener.csproj", "{3ACE1C16-FAA1-4902-AAB0-2914CA5F1B81}"
EndProject
Project("{FAE04EC0-301F-11D3-BF4B-00C04F79EFBC}") = "Model", "Model\Model.csproj", "{D0258266-CC35-475E-9191-0E4AD8ECDC87}"
EndProject
Project("{FAE04EC0-301F-11D3-BF4B-00C04F79EFBC}") = "RabbitMqConsoleProducer", "RabbitMqConsoleProducer\RabbitMqConsoleProducer.csproj", "{CD644ADD-F893-4CE1-8E74-7DA462E942CE}"
EndProject
Global
	GlobalSection(SolutionConfigurationPlatforms) = preSolution
		Debug|Any CPU = Debug|Any CPU
		Release|Any CPU = Release|Any CPU
	EndGlobalSection
	GlobalSection(ProjectConfigurationPlatforms) = postSolution
		{4A97174E-82F0-4966-8BCD-4D3C64D65C57}.Debug|Any CPU.ActiveCfg = Debug|Any CPU
		{4A97174E-82F0-4966-8BCD-4D3C64D65C57}.Debug|Any CPU.Build.0 = Debug|Any CPU
		{4A97174E-82F0-4966-8BCD-4D3C64D65C57}.Release|Any CPU.ActiveCfg = Release|Any CPU
		{4A97174E-82F0-4966-8BCD-4D3C64D65C57}.Release|Any CPU.Build.0 = Release|Any CPU
		{3ACE1C16-FAA1-4902-AAB0-2914CA5F1B81}.Debug|Any CPU.ActiveCfg = Debug|Any CPU
		{3ACE1C16-FAA1-4902-AAB0-2914CA5F1B81}.Debug|Any CPU.Build.0 = Debug|Any CPU
		{3ACE1C16-FAA1-4902-AAB0-2914CA5F1B81}.Release|Any CPU.ActiveCfg = Release|Any CPU
		{3ACE1C16-FAA1-4902-AAB0-2914CA5F1B81}.Release|Any CPU.Build.0 = Release|Any CPU
		{D0258266-CC35-475E-9191-0E4AD8ECDC87}.Debug|Any CPU.ActiveCfg = Debug|Any CPU
		{D0258266-CC35-475E-9191-0E4AD8ECDC87}.Debug|Any CPU.Build.0 = Debug|Any CPU
		{D0258266-CC35-475E-9191-0E4AD8ECDC87}.Release|Any CPU.ActiveCfg = Release|Any CPU
		{D0258266-CC35-475E-9191-0E4AD8ECDC87}.Release|Any CPU.Build.0 = Release|Any CPU
		{CD644ADD-F893-4CE1-8E74-7DA462E942CE}.Debug|Any CPU.ActiveCfg = Debug|Any CPU
		{CD644ADD-F893-4CE1-8E74-7DA462E942CE}.Debug|Any CPU.Build.0 = Debug|Any CPU
		{CD644ADD-F893-4CE1-8E74-7DA462E942CE}.Release|Any CPU.ActiveCfg = Release|Any CPU
		{CD644ADD-F893-4CE1-8E74-7DA462E942CE}.Release|Any CPU.Build.0 = Release|Any CPU
	EndGlobalSection
	GlobalSection(SolutionProperties) = preSolution
		HideSolutionNode = FALSE
	EndGlobalSection
	GlobalSection(ExtensibilityGlobals) = postSolution
		SolutionGuid = {5A17A227-D7CA-45D5-AD5C-ACCC2C9A8551}
	EndGlobalSection
EndGlobal
